// !$*UTF8*$!
{
	archiveVersion = 1;
	classes = {
	};
	objectVersion = 50;
	objects = {

/* Begin PBXBuildFile section */
		63FBEEC62091CA2400BE6B81 /* AppDelegate.swift in Sources */ = {isa = PBXBuildFile; fileRef = 63FBEEC52091CA2400BE6B81 /* AppDelegate.swift */; };
		63FBEEC82091CA2400BE6B81 /* ViewController.swift in Sources */ = {isa = PBXBuildFile; fileRef = 63FBEEC72091CA2400BE6B81 /* ViewController.swift */; };
		63FBEECB2091CA2400BE6B81 /* Main.storyboard in Resources */ = {isa = PBXBuildFile; fileRef = 63FBEEC92091CA2400BE6B81 /* Main.storyboard */; };
		63FBEECE2091CA2400BE6B81 /* test.xcdatamodeld in Sources */ = {isa = PBXBuildFile; fileRef = 63FBEECC2091CA2400BE6B81 /* test.xcdatamodeld */; };
		63FBEED02091CA2700BE6B81 /* Assets.xcassets in Resources */ = {isa = PBXBuildFile; fileRef = 63FBEECF2091CA2700BE6B81 /* Assets.xcassets */; };
		63FBEED32091CA2700BE6B81 /* LaunchScreen.storyboard in Resources */ = {isa = PBXBuildFile; fileRef = 63FBEED12091CA2700BE6B81 /* LaunchScreen.storyboard */; };
		63FBEEDE2091CA2700BE6B81 /* testTests.swift in Sources */ = {isa = PBXBuildFile; fileRef = 63FBEEDD2091CA2700BE6B81 /* testTests.swift */; };
		63FBEEE92091CA2700BE6B81 /* testUITests.swift in Sources */ = {isa = PBXBuildFile; fileRef = 63FBEEE82091CA2700BE6B81 /* testUITests.swift */; };
/* End PBXBuildFile section */

/* Begin PBXContainerItemProxy section */
		63FBEEDA2091CA2700BE6B81 /* PBXContainerItemProxy */ = {
			isa = PBXContainerItemProxy;
			containerPortal = 63FBEEBA2091CA2400BE6B81 /* Project object */;
			proxyType = 1;
			remoteGlobalIDString = 63FBEEC12091CA2400BE6B81;
			remoteInfo = test;
		};
		63FBEEE52091CA2700BE6B81 /* PBXContainerItemProxy */ = {
			isa = PBXContainerItemProxy;
			containerPortal = 63FBEEBA2091CA2400BE6B81 /* Project object */;
			proxyType = 1;
			remoteGlobalIDString = 63FBEEC12091CA2400BE6B81;
			remoteInfo = test;
		};
/* End PBXContainerItemProxy section */

/* Begin PBXFileReference section */
		63FBEEC22091CA2400BE6B81 /* test.app */ = {isa = PBXFileReference; explicitFileType = wrapper.application; includeInIndex = 0; path = test.app; sourceTree = BUILT_PRODUCTS_DIR; };
		63FBEEC52091CA2400BE6B81 /* AppDelegate.swift */ = {isa = PBXFileReference; lastKnownFileType = sourcecode.swift; path = AppDelegate.swift; sourceTree = "<group>"; };
		63FBEEC72091CA2400BE6B81 /* ViewController.swift */ = {isa = PBXFileReference; lastKnownFileType = sourcecode.swift; path = ViewController.swift; sourceTree = "<group>"; };
		63FBEECA2091CA2400BE6B81 /* Base */ = {isa = PBXFileReference; lastKnownFileType = file.storyboard; name = Base; path = Base.lproj/Main.storyboard; sourceTree = "<group>"; };
		63FBEECD2091CA2400BE6B81 /* test.xcdatamodel */ = {isa = PBXFileReference; lastKnownFileType = wrapper.xcdatamodel; path = test.xcdatamodel; sourceTree = "<group>"; };
		63FBEECF2091CA2700BE6B81 /* Assets.xcassets */ = {isa = PBXFileReference; lastKnownFileType = folder.assetcatalog; path = Assets.xcassets; sourceTree = "<group>"; };
		63FBEED22091CA2700BE6B81 /* Base */ = {isa = PBXFileReference; lastKnownFileType = file.storyboard; name = Base; path = Base.lproj/LaunchScreen.storyboard; sourceTree = "<group>"; };
		63FBEED42091CA2700BE6B81 /* Info.plist */ = {isa = PBXFileReference; lastKnownFileType = text.plist.xml; path = Info.plist; sourceTree = "<group>"; };
		63FBEED92091CA2700BE6B81 /* testTests.xctest */ = {isa = PBXFileReference; explicitFileType = wrapper.cfbundle; includeInIndex = 0; path = testTests.xctest; sourceTree = BUILT_PRODUCTS_DIR; };
		63FBEEDD2091CA2700BE6B81 /* testTests.swift */ = {isa = PBXFileReference; lastKnownFileType = sourcecode.swift; path = testTests.swift; sourceTree = "<group>"; };
		63FBEEDF2091CA2700BE6B81 /* Info.plist */ = {isa = PBXFileReference; lastKnownFileType = text.plist.xml; path = Info.plist; sourceTree = "<group>"; };
		63FBEEE42091CA2700BE6B81 /* testUITests.xctest */ = {isa = PBXFileReference; explicitFileType = wrapper.cfbundle; includeInIndex = 0; path = testUITests.xctest; sourceTree = BUILT_PRODUCTS_DIR; };
		63FBEEE82091CA2700BE6B81 /* testUITests.swift */ = {isa = PBXFileReference; lastKnownFileType = sourcecode.swift; path = testUITests.swift; sourceTree = "<group>"; };
		63FBEEEA2091CA2700BE6B81 /* Info.plist */ = {isa = PBXFileReference; lastKnownFileType = text.plist.xml; path = Info.plist; sourceTree = "<group>"; };
/* End PBXFileReference section */

/* Begin PBXFrameworksBuildPhase section */
		63FBEEBF2091CA2400BE6B81 /* Frameworks */ = {
			isa = PBXFrameworksBuildPhase;
			buildActionMask = 2147483647;
			files = (
			);
			runOnlyForDeploymentPostprocessing = 0;
		};
		63FBEED62091CA2700BE6B81 /* Frameworks */ = {
			isa = PBXFrameworksBuildPhase;
			buildActionMask = 2147483647;
			files = (
			);
			runOnlyForDeploymentPostprocessing = 0;
		};
		63FBEEE12091CA2700BE6B81 /* Frameworks */ = {
			isa = PBXFrameworksBuildPhase;
			buildActionMask = 2147483647;
			files = (
			);
			runOnlyForDeploymentPostprocessing = 0;
		};
/* End PBXFrameworksBuildPhase section */

/* Begin PBXGroup section */
		63FBEEB92091CA2400BE6B81 = {
			isa = PBXGroup;
			children = (
				63FBEEC42091CA2400BE6B81 /* test */,
				63FBEEDC2091CA2700BE6B81 /* testTests */,
				63FBEEE72091CA2700BE6B81 /* testUITests */,
				63FBEEC32091CA2400BE6B81 /* Products */,
			);
			sourceTree = "<group>";
		};
		63FBEEC32091CA2400BE6B81 /* Products */ = {
			isa = PBXGroup;
			children = (
				63FBEEC22091CA2400BE6B81 /* test.app */,
				63FBEED92091CA2700BE6B81 /* testTests.xctest */,
				63FBEEE42091CA2700BE6B81 /* testUITests.xctest */,
			);
			name = Products;
			sourceTree = "<group>";
		};
		63FBEEC42091CA2400BE6B81 /* test */ = {
			isa = PBXGroup;
			children = (
				63FBEEC52091CA2400BE6B81 /* AppDelegate.swift */,
				63FBEEC72091CA2400BE6B81 /* ViewController.swift */,
				63FBEEC92091CA2400BE6B81 /* Main.storyboard */,
				63FBEECF2091CA2700BE6B81 /* Assets.xcassets */,
				63FBEED12091CA2700BE6B81 /* LaunchScreen.storyboard */,
				63FBEED42091CA2700BE6B81 /* Info.plist */,
				63FBEECC2091CA2400BE6B81 /* test.xcdatamodeld */,
			);
			path = test;
			sourceTree = "<group>";
		};
		63FBEEDC2091CA2700BE6B81 /* testTests */ = {
			isa = PBXGroup;
			children = (
				63FBEEDD2091CA2700BE6B81 /* testTests.swift */,
				63FBEEDF2091CA2700BE6B81 /* Info.plist */,
			);
			path = testTests;
			sourceTree = "<group>";
		};
		63FBEEE72091CA2700BE6B81 /* testUITests */ = {
			isa = PBXGroup;
			children = (
				63FBEEE82091CA2700BE6B81 /* testUITests.swift */,
				63FBEEEA2091CA2700BE6B81 /* Info.plist */,
			);
			path = testUITests;
			sourceTree = "<group>";
		};
/* End PBXGroup section */

/* Begin PBXNativeTarget section */
		63FBEEC12091CA2400BE6B81 /* test */ = {
			isa = PBXNativeTarget;
			buildConfigurationList = 63FBEEED2091CA2700BE6B81 /* Build configuration list for PBXNativeTarget "test" */;
			buildPhases = (
				63FBEEBE2091CA2400BE6B81 /* Sources */,
				63FBEEBF2091CA2400BE6B81 /* Frameworks */,
				63FBEEC02091CA2400BE6B81 /* Resources */,
			);
			buildRules = (
			);
			dependencies = (
			);
			name = test;
			productName = test;
			productReference = 63FBEEC22091CA2400BE6B81 /* test.app */;
			productType = "com.apple.product-type.application";
		};
		63FBEED82091CA2700BE6B81 /* testTests */ = {
			isa = PBXNativeTarget;
			buildConfigurationList = 63FBEEF02091CA2700BE6B81 /* Build configuration list for PBXNativeTarget "testTests" */;
			buildPhases = (
				63FBEED52091CA2700BE6B81 /* Sources */,
				63FBEED62091CA2700BE6B81 /* Frameworks */,
				63FBEED72091CA2700BE6B81 /* Resources */,
			);
			buildRules = (
			);
			dependencies = (
				63FBEEDB2091CA2700BE6B81 /* PBXTargetDependency */,
			);
			name = testTests;
			productName = testTests;
			productReference = 63FBEED92091CA2700BE6B81 /* testTests.xctest */;
			productType = "com.apple.product-type.bundle.unit-test";
		};
		63FBEEE32091CA2700BE6B81 /* testUITests */ = {
			isa = PBXNativeTarget;
			buildConfigurationList = 63FBEEF32091CA2700BE6B81 /* Build configuration list for PBXNativeTarget "testUITests" */;
			buildPhases = (
				63FBEEE02091CA2700BE6B81 /* Sources */,
				63FBEEE12091CA2700BE6B81 /* Frameworks */,
				63FBEEE22091CA2700BE6B81 /* Resources */,
			);
			buildRules = (
			);
			dependencies = (
				63FBEEE62091CA2700BE6B81 /* PBXTargetDependency */,
			);
			name = testUITests;
			productName = testUITests;
			productReference = 63FBEEE42091CA2700BE6B81 /* testUITests.xctest */;
			productType = "com.apple.product-type.bundle.ui-testing";
		};
/* End PBXNativeTarget section */

/* Begin PBXProject section */
		63FBEEBA2091CA2400BE6B81 /* Project object */ = {
			isa = PBXProject;
			attributes = {
				LastSwiftUpdateCheck = 0930;
				LastUpgradeCheck = 0930;
				ORGANIZATIONNAME = zldd;
				TargetAttributes = {
					63FBEEC12091CA2400BE6B81 = {
						CreatedOnToolsVersion = 9.3;
					};
					63FBEED82091CA2700BE6B81 = {
						CreatedOnToolsVersion = 9.3;
						TestTargetID = 63FBEEC12091CA2400BE6B81;
					};
					63FBEEE32091CA2700BE6B81 = {
						CreatedOnToolsVersion = 9.3;
						TestTargetID = 63FBEEC12091CA2400BE6B81;
					};
				};
			};
			buildConfigurationList = 63FBEEBD2091CA2400BE6B81 /* Build configuration list for PBXProject "test" */;
			compatibilityVersion = "Xcode 9.3";
			developmentRegion = en;
			hasScannedForEncodings = 0;
			knownRegions = (
				en,
				Base,
			);
			mainGroup = 63FBEEB92091CA2400BE6B81;
			productRefGroup = 63FBEEC32091CA2400BE6B81 /* Products */;
			projectDirPath = "";
			projectRoot = "";
			targets = (
				63FBEEC12091CA2400BE6B81 /* test */,
				63FBEED82091CA2700BE6B81 /* testTests */,
				63FBEEE32091CA2700BE6B81 /* testUITests */,
			);
		};
/* End PBXProject section */

/* Begin PBXResourcesBuildPhase section */
		63FBEEC02091CA2400BE6B81 /* Resources */ = {
			isa = PBXResourcesBuildPhase;
			buildActionMask = 2147483647;
			files = (
				63FBEED32091CA2700BE6B81 /* LaunchScreen.storyboard in Resources */,
				63FBEED02091CA2700BE6B81 /* Assets.xcassets in Resources */,
				63FBEECB2091CA2400BE6B81 /* Main.storyboard in Resources */,
			);
			runOnlyForDeploymentPostprocessing = 0;
		};
		63FBEED72091CA2700BE6B81 /* Resources */ = {
			isa = PBXResourcesBuildPhase;
			buildActionMask = 2147483647;
			files = (
			);
			runOnlyForDeploymentPostprocessing = 0;
		};
		63FBEEE22091CA2700BE6B81 /* Resources */ = {
			isa = PBXResourcesBuildPhase;
			buildActionMask = 2147483647;
			files = (
			);
			runOnlyForDeploymentPostprocessing = 0;
		};
/* End PBXResourcesBuildPhase section */

/* Begin PBXSourcesBuildPhase section */
		63FBEEBE2091CA2400BE6B81 /* Sources */ = {
			isa = PBXSourcesBuildPhase;
			buildActionMask = 2147483647;
			files = (
				63FBEEC82091CA2400BE6B81 /* ViewController.swift in Sources */,
				63FBEEC62091CA2400BE6B81 /* AppDelegate.swift in Sources */,
				63FBEECE2091CA2400BE6B81 /* test.xcdatamodeld in Sources */,
			);
			runOnlyForDeploymentPostprocessing = 0;
		};
		63FBEED52091CA2700BE6B81 /* Sources */ = {
			isa = PBXSourcesBuildPhase;
			buildActionMask = 2147483647;
			files = (
				63FBEEDE2091CA2700BE6B81 /* testTests.swift in Sources */,
			);
			runOnlyForDeploymentPostprocessing = 0;
		};
		63FBEEE02091CA2700BE6B81 /* Sources */ = {
			isa = PBXSourcesBuildPhase;
			buildActionMask = 2147483647;
			files = (
				63FBEEE92091CA2700BE6B81 /* testUITests.swift in Sources */,
			);
			runOnlyForDeploymentPostprocessing = 0;
		};
/* End PBXSourcesBuildPhase section */

/* Begin PBXTargetDependency section */
		63FBEEDB2091CA2700BE6B81 /* PBXTargetDependency */ = {
			isa = PBXTargetDependency;
			target = 63FBEEC12091CA2400BE6B81 /* test */;
			targetProxy = 63FBEEDA2091CA2700BE6B81 /* PBXContainerItemProxy */;
		};
		63FBEEE62091CA2700BE6B81 /* PBXTargetDependency */ = {
			isa = PBXTargetDependency;
			target = 63FBEEC12091CA2400BE6B81 /* test */;
			targetProxy = 63FBEEE52091CA2700BE6B81 /* PBXContainerItemProxy */;
		};
/* End PBXTargetDependency section */

/* Begin PBXVariantGroup section */
		63FBEEC92091CA2400BE6B81 /* Main.storyboard */ = {
			isa = PBXVariantGroup;
			children = (
				63FBEECA2091CA2400BE6B81 /* Base */,
			);
			name = Main.storyboard;
			sourceTree = "<group>";
		};
		63FBEED12091CA2700BE6B81 /* LaunchScreen.storyboard */ = {
			isa = PBXVariantGroup;
			children = (
				63FBEED22091CA2700BE6B81 /* Base */,
			);
			name = LaunchScreen.storyboard;
			sourceTree = "<group>";
		};
/* End PBXVariantGroup section */

/* Begin XCBuildConfiguration section */
		63FBEEEB2091CA2700BE6B81 /* Debug */ = {
			isa = XCBuildConfiguration;
			buildSettings = {
				ALWAYS_SEARCH_USER_PATHS = NO;
				CLANG_ANALYZER_NONNULL = YES;
				CLANG_ANALYZER_NUMBER_OBJECT_CONVERSION = YES_AGGRESSIVE;
				CLANG_CXX_LANGUAGE_STANDARD = "gnu++14";
				CLANG_CXX_LIBRARY = "libc++";
				CLANG_ENABLE_MODULES = YES;
				CLANG_ENABLE_OBJC_ARC = YES;
				CLANG_ENABLE_OBJC_WEAK = YES;
				CLANG_WARN_BLOCK_CAPTURE_AUTORELEASING = YES;
				CLANG_WARN_BOOL_CONVERSION = YES;
				CLANG_WARN_COMMA = YES;
				CLANG_WARN_CONSTANT_CONVERSION = YES;
				CLANG_WARN_DEPRECATED_OBJC_IMPLEMENTATIONS = YES;
				CLANG_WARN_DIRECT_OBJC_ISA_USAGE = YES_ERROR;
				CLANG_WARN_DOCUMENTATION_COMMENTS = YES;
				CLANG_WARN_EMPTY_BODY = YES;
				CLANG_WARN_ENUM_CONVERSION = YES;
				CLANG_WARN_INFINITE_RECURSION = YES;
				CLANG_WARN_INT_CONVERSION = YES;
				CLANG_WARN_NON_LITERAL_NULL_CONVERSION = YES;
				CLANG_WARN_OBJC_IMPLICIT_RETAIN_SELF = YES;
				CLANG_WARN_OBJC_LITERAL_CONVERSION = YES;
				CLANG_WARN_OBJC_ROOT_CLASS = YES_ERROR;
				CLANG_WARN_RANGE_LOOP_ANALYSIS = YES;
				CLANG_WARN_STRICT_PROTOTYPES = YES;
				CLANG_WARN_SUSPICIOUS_MOVE = YES;
				CLANG_WARN_UNGUARDED_AVAILABILITY = YES_AGGRESSIVE;
				CLANG_WARN_UNREACHABLE_CODE = YES;
				CLANG_WARN__DUPLICATE_METHOD_MATCH = YES;
				CODE_SIGN_IDENTITY = "iPhone Developer";
				COPY_PHASE_STRIP = NO;
				DEBUG_INFORMATION_FORMAT = dwarf;
				ENABLE_STRICT_OBJC_MSGSEND = YES;
				ENABLE_TESTABILITY = YES;
				GCC_C_LANGUAGE_STANDARD = gnu11;
				GCC_DYNAMIC_NO_PIC = NO;
				GCC_NO_COMMON_BLOCKS = YES;
				GCC_OPTIMIZATION_LEVEL = 0;
				GCC_PREPROCESSOR_DEFINITIONS = (
					"DEBUG=1",
					"$(inherited)",
				);
				GCC_WARN_64_TO_32_BIT_CONVERSION = YES;
				GCC_WARN_ABOUT_RETURN_TYPE = YES_ERROR;
				GCC_WARN_UNDECLARED_SELECTOR = YES;
				GCC_WARN_UNINITIALIZED_AUTOS = YES_AGGRESSIVE;
				GCC_WARN_UNUSED_FUNCTION = YES;
				GCC_WARN_UNUSED_VARIABLE = YES;
				IPHONEOS_DEPLOYMENT_TARGET = 11.3;
				MTL_ENABLE_DEBUG_INFO = YES;
				ONLY_ACTIVE_ARCH = YES;
				SDKROOT = iphoneos;
				SWIFT_ACTIVE_COMPILATION_CONDITIONS = DEBUG;
				SWIFT_OPTIMIZATION_LEVEL = "-Onone";
			};
			name = Debug;
		};
		63FBEEEC2091CA2700BE6B81 /* Release */ = {
			isa = XCBuildConfiguration;
			buildSettings = {
				ALWAYS_SEARCH_USER_PATHS = NO;
				CLANG_ANALYZER_NONNULL = YES;
				CLANG_ANALYZER_NUMBER_OBJECT_CONVERSION = YES_AGGRESSIVE;
				CLANG_CXX_LANGUAGE_STANDARD = "gnu++14";
				CLANG_CXX_LIBRARY = "libc++";
				CLANG_ENABLE_MODULES = YES;
				CLANG_ENABLE_OBJC_ARC = YES;
				CLANG_ENABLE_OBJC_WEAK = YES;
				CLANG_WARN_BLOCK_CAPTURE_AUTORELEASING = YES;
				CLANG_WARN_BOOL_CONVERSION = YES;
				CLANG_WARN_COMMA = YES;
				CLANG_WARN_CONSTANT_CONVERSION = YES;
				CLANG_WARN_DEPRECATED_OBJC_IMPLEMENTATIONS = YES;
				CLANG_WARN_DIRECT_OBJC_ISA_USAGE = YES_ERROR;
				CLANG_WARN_DOCUMENTATION_COMMENTS = YES;
				CLANG_WARN_EMPTY_BODY = YES;
				CLANG_WARN_ENUM_CONVERSION = YES;
				CLANG_WARN_INFINITE_RECURSION = YES;
				CLANG_WARN_INT_CONVERSION = YES;
				CLANG_WARN_NON_LITERAL_NULL_CONVERSION = YES;
				CLANG_WARN_OBJC_IMPLICIT_RETAIN_SELF = YES;
				CLANG_WARN_OBJC_LITERAL_CONVERSION = YES;
				CLANG_WARN_OBJC_ROOT_CLASS = YES_ERROR;
				CLANG_WARN_RANGE_LOOP_ANALYSIS = YES;
				CLANG_WARN_STRICT_PROTOTYPES = YES;
				CLANG_WARN_SUSPICIOUS_MOVE = YES;
				CLANG_WARN_UNGUARDED_AVAILABILITY = YES_AGGRESSIVE;
				CLANG_WARN_UNREACHABLE_CODE = YES;
				CLANG_WARN__DUPLICATE_METHOD_MATCH = YES;
				CODE_SIGN_IDENTITY = "iPhone Developer";
				COPY_PHASE_STRIP = NO;
				DEBUG_INFORMATION_FORMAT = "dwarf-with-dsym";
				ENABLE_NS_ASSERTIONS = NO;
				ENABLE_STRICT_OBJC_MSGSEND = YES;
				GCC_C_LANGUAGE_STANDARD = gnu11;
				GCC_NO_COMMON_BLOCKS = YES;
				GCC_WARN_64_TO_32_BIT_CONVERSION = YES;
				GCC_WARN_ABOUT_RETURN_TYPE = YES_ERROR;
				GCC_WARN_UNDECLARED_SELECTOR = YES;
				GCC_WARN_UNINITIALIZED_AUTOS = YES_AGGRESSIVE;
				GCC_WARN_UNUSED_FUNCTION = YES;
				GCC_WARN_UNUSED_VARIABLE = YES;
				IPHONEOS_DEPLOYMENT_TARGET = 11.3;
				MTL_ENABLE_DEBUG_INFO = NO;
				SDKROOT = iphoneos;
				SWIFT_COMPILATION_MODE = wholemodule;
				SWIFT_OPTIMIZATION_LEVEL = "-O";
				VALIDATE_PRODUCT = YES;
			};
			name = Release;
		};
		63FBEEEE2091CA2700BE6B81 /* Debug */ = {
			isa = XCBuildConfiguration;
			buildSettings = {
				ASSETCATALOG_COMPILER_APPICON_NAME = AppIcon;
				CODE_SIGN_STYLE = Automatic;
				DEVELOPMENT_TEAM = 5A79UN6C3M;
				INFOPLIST_FILE = test/Info.plist;
				LD_RUNPATH_SEARCH_PATHS = (
					"$(inherited)",
					"@executable_path/Frameworks",
				);
				PRODUCT_BUNDLE_IDENTIFIER = penghao.test;
				PRODUCT_NAME = "$(TARGET_NAME)";
				SWIFT_VERSION = 4.0;
				TARGETED_DEVICE_FAMILY = "1,2";
			};
			name = Debug;
		};
		63FBEEEF2091CA2700BE6B81 /* Release */ = {
			isa = XCBuildConfiguration;
			buildSettings = {
				ASSETCATALOG_COMPILER_APPICON_NAME = AppIcon;
				CODE_SIGN_STYLE = Automatic;
				DEVELOPMENT_TEAM = 5A79UN6C3M;
				INFOPLIST_FILE = test/Info.plist;
				LD_RUNPATH_SEARCH_PATHS = (
					"$(inherited)",
					"@executable_path/Frameworks",
				);
				PRODUCT_BUNDLE_IDENTIFIER = penghao.test;
				PRODUCT_NAME = "$(TARGET_NAME)";
				SWIFT_VERSION = 4.0;
				TARGETED_DEVICE_FAMILY = "1,2";
			};
			name = Release;
		};
		63FBEEF12091CA2700BE6B81 /* Debug */ = {
			isa = XCBuildConfiguration;
			buildSettings = {
				ALWAYS_EMBED_SWIFT_STANDARD_LIBRARIES = YES;
				BUNDLE_LOADER = "$(TEST_HOST)";
				CODE_SIGN_STYLE = Automatic;
				DEVELOPMENT_TEAM = 5A79UN6C3M;
				INFOPLIST_FILE = testTests/Info.plist;
				LD_RUNPATH_SEARCH_PATHS = (
					"$(inherited)",
					"@executable_path/Frameworks",
					"@loader_path/Frameworks",
				);
				PRODUCT_BUNDLE_IDENTIFIER = penghao.testTests;
				PRODUCT_NAME = "$(TARGET_NAME)";
				SWIFT_VERSION = 4.0;
				TARGETED_DEVICE_FAMILY = "1,2";
				TEST_HOST = "$(BUILT_PRODUCTS_DIR)/test.app/test";
			};
			name = Debug;
		};
		63FBEEF22091CA2700BE6B81 /* Release */ = {
			isa = XCBuildConfiguration;
			buildSettings = {
				ALWAYS_EMBED_SWIFT_STANDARD_LIBRARIES = YES;
				BUNDLE_LOADER = "$(TEST_HOST)";
				CODE_SIGN_STYLE = Automatic;
				DEVELOPMENT_TEAM = 5A79UN6C3M;
				INFOPLIST_FILE = testTests/Info.plist;
				LD_RUNPATH_SEARCH_PATHS = (
					"$(inherited)",
					"@executable_path/Frameworks",
					"@loader_path/Frameworks",
				);
				PRODUCT_BUNDLE_IDENTIFIER = penghao.testTests;
				PRODUCT_NAME = "$(TARGET_NAME)";
				SWIFT_VERSION = 4.0;
				TARGETED_DEVICE_FAMILY = "1,2";
				TEST_HOST = "$(BUILT_PRODUCTS_DIR)/test.app/test";
			};
			name = Release;
		};
		63FBEEF42091CA2700BE6B81 /* Debug */ = {
			isa = XCBuildConfiguration;
			buildSettings = {
				ALWAYS_EMBED_SWIFT_STANDARD_LIBRARIES = YES;
				CODE_SIGN_STYLE = Automatic;
				DEVELOPMENT_TEAM = 5A79UN6C3M;
				INFOPLIST_FILE = testUITests/Info.plist;
				LD_RUNPATH_SEARCH_PATHS = (
					"$(inherited)",
					"@executable_path/Frameworks",
					"@loader_path/Frameworks",
				);
				PRODUCT_BUNDLE_IDENTIFIER = penghao.testUITests;
				PRODUCT_NAME = "$(TARGET_NAME)";
				SWIFT_VERSION = 4.0;
				TARGETED_DEVICE_FAMILY = "1,2";
				TEST_TARGET_NAME = test;
			};
			name = Debug;
		};
		63FBEEF52091CA2700BE6B81 /* Release */ = {
			isa = XCBuildConfiguration;
			buildSettings = {
				ALWAYS_EMBED_SWIFT_STANDARD_LIBRARIES = YES;
				CODE_SIGN_STYLE = Automatic;
				DEVELOPMENT_TEAM = 5A79UN6C3M;
				INFOPLIST_FILE = testUITests/Info.plist;
				LD_RUNPATH_SEARCH_PATHS = (
					"$(inherited)",
					"@executable_path/Frameworks",
					"@loader_path/Frameworks",
				);
				PRODUCT_BUNDLE_IDENTIFIER = penghao.testUITests;
				PRODUCT_NAME = "$(TARGET_NAME)";
				SWIFT_VERSION = 4.0;
				TARGETED_DEVICE_FAMILY = "1,2";
				TEST_TARGET_NAME = test;
			};
			name = Release;
		};
/* End XCBuildConfiguration section */

/* Begin XCConfigurationList section */
		63FBEEBD2091CA2400BE6B81 /* Build configuration list for PBXProject "test" */ = {
			isa = XCConfigurationList;
			buildConfigurations = (
				63FBEEEB2091CA2700BE6B81 /* Debug */,
				63FBEEEC2091CA2700BE6B81 /* Release */,
			);
			defaultConfigurationIsVisible = 0;
			defaultConfigurationName = Release;
		};
		63FBEEED2091CA2700BE6B81 /* Build configuration list for PBXNativeTarget "test" */ = {
			isa = XCConfigurationList;
			buildConfigurations = (
				63FBEEEE2091CA2700BE6B81 /* Debug */,
				63FBEEEF2091CA2700BE6B81 /* Release */,
			);
			defaultConfigurationIsVisible = 0;
			defaultConfigurationName = Release;
		};
		63FBEEF02091CA2700BE6B81 /* Build configuration list for PBXNativeTarget "testTests" */ = {
			isa = XCConfigurationList;
			buildConfigurations = (
				63FBEEF12091CA2700BE6B81 /* Debug */,
				63FBEEF22091CA2700BE6B81 /* Release */,
			);
			defaultConfigurationIsVisible = 0;
			defaultConfigurationName = Release;
		};
		63FBEEF32091CA2700BE6B81 /* Build configuration list for PBXNativeTarget "testUITests" */ = {
			isa = XCConfigurationList;
			buildConfigurations = (
				63FBEEF42091CA2700BE6B81 /* Debug */,
				63FBEEF52091CA2700BE6B81 /* Release */,
			);
			defaultConfigurationIsVisible = 0;
			defaultConfigurationName = Release;
		};
/* End XCConfigurationList section */

/* Begin XCVersionGroup section */
		63FBEECC2091CA2400BE6B81 /* test.xcdatamodeld */ = {
			isa = XCVersionGroup;
			children = (
				63FBEECD2091CA2400BE6B81 /* test.xcdatamodel */,
			);
			currentVersion = 63FBEECD2091CA2400BE6B81 /* test.xcdatamodel */;
			path = test.xcdatamodeld;
			sourceTree = "<group>";
			versionGroupType = wrapper.xcdatamodel;
		};
/* End XCVersionGroup section */
	};
	rootObject = 63FBEEBA2091CA2400BE6B81 /* Project object */;
}
